{
  "requires": true,
  "lockfileVersion": 1,
  "dependencies": {
    "gitbook-plugin-expandable-chapters": {
      "version": "0.2.0",
      "resolved": "https://registry.npmjs.org/gitbook-plugin-expandable-chapters/-/gitbook-plugin-expandable-chapters-0.2.0.tgz",
      "integrity": "sha1-RdcIeuaQekH0gSjFT+ViJKnBraI="
    },
    "gitbook-plugin-katex": {
      "version": "1.1.4",
      "resolved": "https://registry.npmjs.org/gitbook-plugin-katex/-/gitbook-plugin-katex-1.1.4.tgz",
      "integrity": "sha1-nTI++t0mw0CFJsXCJ+vbTBEg2aw=",
      "requires": {
        "katex": "0.7.1"
      }
    },
    "gitbook-plugin-local-video": {
      "version": "1.0.1",
      "resolved": "https://registry.npmjs.org/gitbook-plugin-local-video/-/gitbook-plugin-local-video-1.0.1.tgz",
      "integrity": "sha1-Zi0oTEWvPQOlnGyChpovAwiOWxg="
    },
    "gitbook-plugin-quiz": {
      "version": "0.3.0",
      "resolved": "https://registry.npmjs.org/gitbook-plugin-quiz/-/gitbook-plugin-quiz-0.3.0.tgz",
      "integrity": "sha1-wtYtavyY14yBLDUAIBY2HBQIYjo=",
      "requires": {
        "jquery": "^2.1.4",
        "underscore": "^1.8.3"
      }
    },
    "gitbook-plugin-quizzes": {
      "version": "1.0.0",
      "resolved": "https://registry.npmjs.org/gitbook-plugin-quizzes/-/gitbook-plugin-quizzes-1.0.0.tgz",
      "integrity": "sha1-w3AKAHaMKlmxjyI6ZsEnUfkcieo="
    },
    "jquery": {
      "version": "2.2.4",
      "resolved": "https://registry.npmjs.org/jquery/-/jquery-2.2.4.tgz",
      "integrity": "sha1-LInWiJterFIqfuoywUUhVZxsvwI="
    },
    "katex": {
      "version": "0.7.1",
      "resolved": "https://registry.npmjs.org/katex/-/katex-0.7.1.tgz",
      "integrity": "sha1-BrtSmO+tBeHnIoA1uo4VkfMGG48=",
      "requires": {
        "match-at": "^0.1.0"
      }
    },
    "match-at": {
      "version": "0.1.1",
      "resolved": "https://registry.npmjs.org/match-at/-/match-at-0.1.1.tgz",
      "integrity": "sha1-JdBA0pF3dwTV5lVru3kjDsLeBUA="
    },
    "pywebtest-gitbook": {
      "version": "0.0.3",
      "resolved": "https://registry.npmjs.org/pywebtest-gitbook/-/pywebtest-gitbook-0.0.3.tgz",
      "integrity": "sha1-v1q1nVSDvl1NmoOc743oaX9f658="
    },
    "underscore": {
      "version": "1.9.1",
      "resolved": "https://registry.npmjs.org/underscore/-/underscore-1.9.1.tgz",
      "integrity": "sha1-BtzjSg5op7q8KbNluOdLiSUgOWE="
    }
  }
}
